# THIS IS AN AUTOGENERATED FILE. DO NOT EDIT THIS FILE DIRECTLY.
# yarn lockfile v1


"@sindresorhus/is@^2.1.1":
  version "2.1.1"
  resolved "https://registry.yarnpkg.com/@sindresorhus/is/-/is-2.1.1.tgz#ceff6a28a5b4867c2dd4a1ba513de278ccbe8bb1"
  integrity sha512-/aPsuoj/1Dw/kzhkgz+ES6TxG0zfTMGLwuK2ZG00k/iJzYHTLCE8mVU8EPqEOp/lmxPoq1C1C9RYToRKb2KEfg==

"@szmarczak/http-timer@^4.0.5":
  version "4.0.5"
  resolved "https://registry.yarnpkg.com/@szmarczak/http-timer/-/http-timer-4.0.5.tgz#bfbd50211e9dfa51ba07da58a14cdfd333205152"
  integrity sha512-PyRA9sm1Yayuj5OIoJ1hGt2YISX45w9WcFbh6ddT0Z/0yaFxOtGLInr4jUfU1EAFVs0Yfyfev4RNwBlUaHdlDQ==
  dependencies:
    defer-to-connect "^2.0.0"

"@types/cacheable-request@^6.0.1":
  version "6.0.1"
  resolved "https://registry.yarnpkg.com/@types/cacheable-request/-/cacheable-request-6.0.1.tgz#5d22f3dded1fd3a84c0bbeb5039a7419c2c91976"
  integrity sha512-ykFq2zmBGOCbpIXtoVbz4SKY5QriWPh3AjyU4G74RYbtt5yOc5OfaY75ftjg7mikMOla1CTGpX3lLbuJh8DTrQ==
  dependencies:
    "@types/http-cache-semantics" "*"
    "@types/keyv" "*"
    "@types/node" "*"
    "@types/responselike" "*"

"@types/http-cache-semantics@*":
  version "4.0.0"
  resolved "https://registry.yarnpkg.com/@types/http-cache-semantics/-/http-cache-semantics-4.0.0.tgz#9140779736aa2655635ee756e2467d787cfe8a2a"
  integrity sha512-c3Xy026kOF7QOTn00hbIllV1dLR9hG9NkSrLQgCVs8NF6sBU+VGWjD3wLPhmh1TYAc7ugCFsvHYMN4VcBN1U1A==

"@types/keyv@*":
  version "3.1.1"
  resolved "https://registry.yarnpkg.com/@types/keyv/-/keyv-3.1.1.tgz#e45a45324fca9dab716ab1230ee249c9fb52cfa7"
  integrity sha512-MPtoySlAZQ37VoLaPcTHCu1RWJ4llDkULYZIzOYxlhxBqYPB0RsRlmMU0R6tahtFe27mIdkHV+551ZWV4PLmVw==
  dependencies:
    "@types/node" "*"

"@types/node@*":
  version "14.0.1"
  resolved "https://registry.yarnpkg.com/@types/node/-/node-14.0.1.tgz#5d93e0a099cd0acd5ef3d5bde3c086e1f49ff68c"
  integrity sha512-FAYBGwC+W6F9+huFIDtn43cpy7+SzG+atzRiTfdp3inUKL2hXnd4rG8hylJLIh4+hqrQy1P17kvJByE/z825hA==

"@types/responselike@*", "@types/responselike@^1.0.0":
  version "1.0.0"
  resolved "https://registry.yarnpkg.com/@types/responselike/-/responselike-1.0.0.tgz#251f4fe7d154d2bad125abe1b429b23afd262e29"
  integrity sha512-85Y2BjiufFzaMIlvJDvTTB8Fxl2xfLo4HgmHzVBz08w4wDePCTjYw66PdrolO0kzli3yam/YCgRufyo1DdQVTA==
  dependencies:
    "@types/node" "*"

abort-controller@^3.0.0:
  version "3.0.0"
  resolved "https://packages.availity.com/artifactory/api/npm/availity-npm-all/abort-controller/-/abort-controller-3.0.0.tgz#eaf54d53b62bae4138e809ca225c8439a6efb392"
  integrity sha1-6vVNU7YrrkE46AnKIlyEOabvs5I=
  dependencies:
    event-target-shim "^5.0.0"

agent-base@6:
  version "6.0.0"
  resolved "https://registry.yarnpkg.com/agent-base/-/agent-base-6.0.0.tgz#5d0101f19bbfaed39980b22ae866de153b93f09a"
  integrity sha512-j1Q7cSCqN+AwrmDd+pzgqc0/NpC655x2bUf5ZjRIO77DcNBFmh+OgRNzF6OKdCC9RSCb19fGd99+bhXFdkRNqw==
  dependencies:
    debug "4"

asynckit@^0.4.0:
  version "0.4.0"
  resolved "https://registry.yarnpkg.com/asynckit/-/asynckit-0.4.0.tgz#c79ed97f7f34cb8f2ba1bc9790bcc366474b4b79"
  integrity sha1-x57Zf380y48robyXkLzDZkdLS3k=

axios@0.19.2:
  version "0.19.2"
  resolved "https://registry.yarnpkg.com/axios/-/axios-0.19.2.tgz#3ea36c5d8818d0d5f8a8a97a6d36b86cdc00cb27"
  integrity sha512-fjgm5MvRHLhx+osE2xoekY70AhARk3a6hkN+3Io1jc00jtquGvxYlKlsFUhmUET0V5te6CcZI7lcv2Ym61mjHA==
  dependencies:
    follow-redirects "1.5.10"

benchmark@2.1.4:
  version "2.1.4"
  resolved "https://registry.yarnpkg.com/benchmark/-/benchmark-2.1.4.tgz#09f3de31c916425d498cc2ee565a0ebf3c2a5629"
  integrity sha1-CfPeMckWQl1JjMLuVloOvzwqVik=
  dependencies:
    lodash "^4.17.4"
    platform "^1.3.3"

cacheable-lookup@^4.3.0:
  version "4.3.0"
  resolved "https://registry.yarnpkg.com/cacheable-lookup/-/cacheable-lookup-4.3.0.tgz#86ff1cb38f648cc6aba28feffe008f808b403550"
  integrity sha512-PTUoCeIjj2awloqyVRUL33SjquU1Qv5xuDalYY8WAzd9NnUMUivZnGsOzVsMfg2YuMsWXaXkd/hjnsVoWc/3YA==

cacheable-request@^7.0.1:
  version "7.0.1"
  resolved "https://registry.yarnpkg.com/cacheable-request/-/cacheable-request-7.0.1.tgz#062031c2856232782ed694a257fa35da93942a58"
  integrity sha512-lt0mJ6YAnsrBErpTMWeu5kl/tg9xMAWjavYTN6VQXM1A/teBITuNcccXsCxF0tDQQJf9DfAaX5O4e0zp0KlfZw==
  dependencies:
    clone-response "^1.0.2"
    get-stream "^5.1.0"
    http-cache-semantics "^4.0.0"
    keyv "^4.0.0"
    lowercase-keys "^2.0.0"
    normalize-url "^4.1.0"
    responselike "^2.0.0"

centra@^2.2.1:
  version "2.4.0"
  resolved "https://registry.yarnpkg.com/centra/-/centra-2.4.0.tgz#53846f97db27705e9f90c46e0f824f6eb697e2d1"
  integrity sha512-AWmF3EHNe/noJHviynZOrdnUuQzT5AMgl9nJPXGvnzGXrI2ZvNDrEcdqskc4EtQwt2Q1IggXb0OXy7zZ1Xvvew==

clone-response@^1.0.2:
  version "1.0.2"
  resolved "https://registry.yarnpkg.com/clone-response/-/clone-response-1.0.2.tgz#d1dc973920314df67fbeb94223b4ee350239e96b"
  integrity sha1-0dyXOSAxTfZ/vrlCI7TuNQI56Ws=
  dependencies:
    mimic-response "^1.0.0"

combined-stream@^1.0.8:
  version "1.0.8"
  resolved "https://registry.yarnpkg.com/combined-stream/-/combined-stream-1.0.8.tgz#c3d45a8b34fd730631a110a8a2520682b31d5a7f"
  integrity sha512-FQN4MRfuJeHf7cBbBMJFXhKSDq+2kAArBlmRBvcvFE5BB1HZKXtSFASDhdlz9zOYwxh8lDdnvmMOe/+5cdoEdg==
  dependencies:
    delayed-stream "~1.0.0"

component-emitter@^1.3.0:
  version "1.3.0"
  resolved "https://registry.yarnpkg.com/component-emitter/-/component-emitter-1.3.0.tgz#16e4070fba8ae29b679f2215853ee181ab2eabc0"
  integrity sha512-Rd3se6QB+sO1TwqZjscQrurpEPIfO0/yYnSin6Q/rD3mOutHvUrCAhJub3r90uNb+SESBuE0QYoB90YdfatsRg==

cookiejar@^2.1.2:
  version "2.1.2"
  resolved "https://registry.yarnpkg.com/cookiejar/-/cookiejar-2.1.2.tgz#dd8a235530752f988f9a0844f3fc589e3111125c"
  integrity sha512-Mw+adcfzPxcPeI+0WlvRrr/3lGVO0bD75SxX6811cxSh1Wbxx7xZBGK1eVtDf6si8rg2lhnUjsVLMFMfbRIuwA==

debug@4, debug@^4.1.0, debug@^4.1.1:
  version "4.1.1"
  resolved "https://registry.yarnpkg.com/debug/-/debug-4.1.1.tgz#3b72260255109c6b589cee050f1d516139664791"
  integrity sha512-pYAIzeRo8J6KPEaJ0VWOh5Pzkbw/RetuzehGM7QRRX5he4fPHx2rdKMB256ehJCkX+XRQm16eZLqLNS8RSZXZw==
  dependencies:
    ms "^2.1.1"

debug@=3.1.0:
  version "3.1.0"
  resolved "https://registry.yarnpkg.com/debug/-/debug-3.1.0.tgz#5bb5a0672628b64149566ba16819e61518c67261"
  integrity sha512-OX8XqP7/1a9cqkxYw2yXss15f26NKWBpDXQd0/uK/KPqdQhxbPa994hnzjcE2VqQpDslf55723cKPUOGSmMY3g==
  dependencies:
    ms "2.0.0"

decompress-response@^4.2.0:
  version "4.2.1"
  resolved "https://registry.yarnpkg.com/decompress-response/-/decompress-response-4.2.1.tgz#414023cc7a302da25ce2ec82d0d5238ccafd8986"
  integrity sha512-jOSne2qbyE+/r8G1VU+G/82LBs2Fs4LAsTiLSHOCOMZQl2OKZ6i8i4IyHemTe+/yIXOtTcRQMzPcgyhoFlqPkw==
  dependencies:
    mimic-response "^2.0.0"

decompress-response@^5.0.0:
  version "5.0.0"
  resolved "https://registry.yarnpkg.com/decompress-response/-/decompress-response-5.0.0.tgz#7849396e80e3d1eba8cb2f75ef4930f76461cb0f"
  integrity sha512-TLZWWybuxWgoW7Lykv+gq9xvzOsUjQ9tF09Tj6NSTYGMTCHNXzrPnD6Hi+TgZq19PyTAGH4Ll/NIM/eTGglnMw==
  dependencies:
    mimic-response "^2.0.0"

defer-to-connect@^2.0.0:
  version "2.0.0"
  resolved "https://registry.yarnpkg.com/defer-to-connect/-/defer-to-connect-2.0.0.tgz#83d6b199db041593ac84d781b5222308ccf4c2c1"
  integrity sha512-bYL2d05vOSf1JEZNx5vSAtPuBMkX8K9EUutg7zlKvTqKXHt7RhWJFbmd7qakVuf13i+IkGmp6FwSsONOf6VYIg==

delayed-stream@~1.0.0:
  version "1.0.0"
  resolved "https://registry.yarnpkg.com/delayed-stream/-/delayed-stream-1.0.0.tgz#df3ae199acadfb7d440aaae0b29e2272b24ec619"
  integrity sha1-3zrhmayt+31ECqrgsp4icrJOxhk=

end-of-stream@^1.1.0:
  version "1.4.4"
  resolved "https://registry.yarnpkg.com/end-of-stream/-/end-of-stream-1.4.4.tgz#5ae64a5f45057baf3626ec14da0ca5e4b2431eb0"
  integrity sha512-+uw1inIHVPQoaVuHzRyXd21icM+cnt4CzD5rW+NC1wjOUSTOs+Te7FOv7AhN7vS9x/oIyhLP5PR1H+phQAHu5Q==
  dependencies:
    once "^1.4.0"

event-target-shim@^5.0.0:
  version "5.0.1"
  resolved "https://packages.availity.com/artifactory/api/npm/availity-npm-all/event-target-shim/-/event-target-shim-5.0.1.tgz#5d4d3ebdf9583d63a5333ce2deb7480ab2b05789"
  integrity sha1-XU0+vflYPWOlMzzi3rdICrKwV4k=

extend@^3.0.2:
  version "3.0.2"
  resolved "https://registry.yarnpkg.com/extend/-/extend-3.0.2.tgz#f8b1136b4071fbd8eb140aff858b1019ec2915fa"
  integrity sha512-fjquC59cD7CyW6urNXK0FBufkZcoiGG80wTuPujX590cB5Ttln20E2UB4S/WARVqhXffZl2LNgS+gQdPIIim/g==

fast-safe-stringify@^2.0.7:
  version "2.0.7"
  resolved "https://registry.yarnpkg.com/fast-safe-stringify/-/fast-safe-stringify-2.0.7.tgz#124aa885899261f68aedb42a7c080de9da608743"
  integrity sha512-Utm6CdzT+6xsDk2m8S6uL8VHxNwI6Jub+e9NYTcAms28T84pTa25GJQV9j0CY0N1rM8hK4x6grpF2BQf+2qwVA==

follow-redirects@1.5.10:
  version "1.5.10"
  resolved "https://registry.yarnpkg.com/follow-redirects/-/follow-redirects-1.5.10.tgz#7b7a9f9aea2fdff36786a94ff643ed07f4ff5e2a"
  integrity sha512-0V5l4Cizzvqt5D44aTXbFZz+FtyXV1vrDN6qrelxtfYQKW0KO0W2T/hkE8xvGa/540LkZlkaUjO4ailYTFtHVQ==
  dependencies:
    debug "=3.1.0"

form-data@^3.0.0:
  version "3.0.0"
  resolved "https://registry.yarnpkg.com/form-data/-/form-data-3.0.0.tgz#31b7e39c85f1355b7139ee0c647cf0de7f83c682"
  integrity sha512-CKMFDglpbMi6PyN+brwB9Q/GOw0eAnsrEZDgcsH5Krhz5Od/haKHAX0NmQfha2zPPz0JpWzA7GJHGSnvCRLWsg==
  dependencies:
    asynckit "^0.4.0"
    combined-stream "^1.0.8"
    mime-types "^2.1.12"

formidable@^1.2.1:
  version "1.2.2"
  resolved "https://registry.yarnpkg.com/formidable/-/formidable-1.2.2.tgz#bf69aea2972982675f00865342b982986f6b8dd9"
  integrity sha512-V8gLm+41I/8kguQ4/o1D3RIHRmhYFG4pnNyonvua+40rqcEmT4+V71yaZ3B457xbbgCsCfjSPi65u/W6vK1U5Q==

gaxios@^3.0.3:
  version "3.0.3"
  resolved "https://registry.yarnpkg.com/gaxios/-/gaxios-3.0.3.tgz#497730758f5b0d43a32ebdbebe5f1bd9f7db7aed"
  integrity sha512-PkzQludeIFhd535/yucALT/Wxyj/y2zLyrMwPcJmnLHDugmV49NvAi/vb+VUq/eWztATZCNcb8ue+ywPG+oLuw==
  dependencies:
    abort-controller "^3.0.0"
    extend "^3.0.2"
    https-proxy-agent "^5.0.0"
    is-stream "^2.0.0"
    node-fetch "^2.3.0"

get-stream@^5.1.0:
  version "5.1.0"
  resolved "https://registry.yarnpkg.com/get-stream/-/get-stream-5.1.0.tgz#01203cdc92597f9b909067c3e656cc1f4d3c4dc9"
  integrity sha512-EXr1FOzrzTfGeL0gQdeFEvOMm2mzMOglyiOXSTpPC+iAjAKftbr3jpCMWynogwYnM+eSj9sHGc6wjIcDvYiygw==
  dependencies:
    pump "^3.0.0"

got@11.1.3:
  version "11.1.3"
  resolved "https://registry.yarnpkg.com/got/-/got-11.1.3.tgz#bcb624c636f9c4da5a82a7d7c9017fcad6e2905a"
  integrity sha512-JnGxEHZiy0ZArb/zhfu1Gxoksy9PjhQ4GAk6N4UArV/m1JdE7cGNVXbUDnrQk+nU7UPMDX+BHQAP0daMjsnTtQ==
  dependencies:
    "@sindresorhus/is" "^2.1.1"
    "@szmarczak/http-timer" "^4.0.5"
    "@types/cacheable-request" "^6.0.1"
    "@types/responselike" "^1.0.0"
    cacheable-lookup "^4.3.0"
    cacheable-request "^7.0.1"
    decompress-response "^5.0.0"
    get-stream "^5.1.0"
    http2-wrapper "^1.0.0-beta.4.5"
    lowercase-keys "^2.0.0"
    p-cancelable "^2.0.0"
    responselike "^2.0.0"

http-cache-semantics@^4.0.0:
  version "4.1.0"
  resolved "https://registry.yarnpkg.com/http-cache-semantics/-/http-cache-semantics-4.1.0.tgz#49e91c5cbf36c9b94bcfcd71c23d5249ec74e390"
  integrity sha512-carPklcUh7ROWRK7Cv27RPtdhYhUsela/ue5/jKzjegVvXDqM2ILE9Q2BGn9JZJh1g87cp56su/FgQSzcWS8cQ==

http2-wrapper@^1.0.0-beta.4.5:
  version "1.0.0-beta.4.6"
  resolved "https://registry.yarnpkg.com/http2-wrapper/-/http2-wrapper-1.0.0-beta.4.6.tgz#9438f0fceb946c8cbd365076c228a4d3bd4d0143"
  integrity sha512-9oB4BiGDTI1FmIBlOF9OJ5hwJvcBEmPCqk/hy314Uhy2uq5TjekUZM8w8SPLLlUEM+mxNhXdPAXfrJN2Zbb/GQ==
  dependencies:
    quick-lru "^5.0.0"
    resolve-alpn "^1.0.0"

https-proxy-agent@^5.0.0:
  version "5.0.0"
  resolved "https://registry.yarnpkg.com/https-proxy-agent/-/https-proxy-agent-5.0.0.tgz#e2a90542abb68a762e0a0850f6c9edadfd8506b2"
  integrity sha512-EkYm5BcKUGiduxzSt3Eppko+PiNWNEpa4ySk9vTC6wDsQJW9rHSa+UhGNJoRYp7bz6Ht1eaRIa6QaJqO5rCFbA==
  dependencies:
    agent-base "6"
    debug "4"

inherits@^2.0.3:
  version "2.0.4"
  resolved "https://registry.yarnpkg.com/inherits/-/inherits-2.0.4.tgz#0fa2c64f932917c3433a0ded55363aae37416b7c"
  integrity sha512-k/vGaX4/Yla3WzyMCvTQOXYeIHvqOKtnqBduzTHpzpQZzAskKMhZ2K+EnBiSM9zGSoIFeMpXKxa4dYeZIQqewQ==

is-stream@^2.0.0:
  version "2.0.0"
  resolved "https://registry.yarnpkg.com/is-stream/-/is-stream-2.0.0.tgz#bde9c32680d6fae04129d6ac9d921ce7815f78e3"
  integrity sha512-XCoy+WlUr7d1+Z8GgSuXmpuUFC9fOhRXglJMx+dwLKTkL44Cjd4W1Z5P+BQZpr+cR93aGP4S/s7Ftw6Nd/kiEw==

json-buffer@3.0.1:
  version "3.0.1"
  resolved "https://registry.yarnpkg.com/json-buffer/-/json-buffer-3.0.1.tgz#9338802a30d3b6605fbe0613e094008ca8c05a13"
  integrity sha512-4bV5BfR2mqfQTJm+V5tPPdf+ZpuhiIvTuAB5g8kcrXOZpTT/QwwVRWBywX1ozr6lEuPdbHxwaJlm9G6mI2sfSQ==

json-stringify-safe@^5.0.1:
  version "5.0.1"
  resolved "https://registry.yarnpkg.com/json-stringify-safe/-/json-stringify-safe-5.0.1.tgz#1296a2d58fd45f19a0f6ce01d65701e2c735b6eb"
  integrity sha1-Epai1Y/UXxmg9s4B1lcB4sc1tus=

keyv@^4.0.0:
  version "4.0.1"
  resolved "https://registry.yarnpkg.com/keyv/-/keyv-4.0.1.tgz#9fe703cb4a94d6d11729d320af033307efd02ee6"
  integrity sha512-xz6Jv6oNkbhrFCvCP7HQa8AaII8y8LRpoSm661NOKLr4uHuBwhX4epXrPQgF3+xdJnN4Esm5X0xwY4bOlALOtw==
  dependencies:
    json-buffer "3.0.1"

ky-universal@^0.6.0:
  version "0.6.0"
  resolved "https://packages.availity.com/artifactory/api/npm/availity-npm-all/ky-universal/-/ky-universal-0.6.0.tgz#a91c265c80c38f750e65bbc6d72df16f5b58691f"
  integrity sha1-qRwmXIDDj3UOZbvG1y3xb1tYaR8=
  dependencies:
    abort-controller "^3.0.0"
    node-fetch "^2.6.0"

ky@^0.19.1:
  version "0.19.1"
  resolved "https://packages.availity.com/artifactory/api/npm/availity-npm-all/ky/-/ky-0.19.1.tgz#c533884028c83f78167d12905dfecaf6dd760bec"
  integrity sha1-xTOIQCjIP3gWfRKQXf7K9t12C+w=

lodash@^4.17.13, lodash@^4.17.4:
  version "4.17.15"
  resolved "https://registry.yarnpkg.com/lodash/-/lodash-4.17.15.tgz#b447f6670a0455bbfeedd11392eff330ea097548"
  integrity sha512-8xOcRHvCjnocdS5cpwXQXVzmmh5e5+saE2QGoeQmbKmRS6J3VQppPOIt0MnmE+4xlZoumy0GPG0D0MVIQbNA1A==

lowercase-keys@^2.0.0:
  version "2.0.0"
  resolved "https://registry.yarnpkg.com/lowercase-keys/-/lowercase-keys-2.0.0.tgz#2603e78b7b4b0006cbca2fbcc8a3202558ac9479"
  integrity sha512-tqNXrS78oMOE73NMxK4EMLQsQowWf8jKooH9g7xPavRT706R6bkQJ6DY2Te7QukaZsulxa30wQ7bk0pm4XiHmA==

methods@^1.1.2:
  version "1.1.2"
  resolved "https://registry.yarnpkg.com/methods/-/methods-1.1.2.tgz#5529a4d67654134edcc5266656835b0f851afcee"
  integrity sha1-VSmk1nZUE07cxSZmVoNbD4Ua/O4=

mime-db@1.44.0:
  version "1.44.0"
  resolved "https://registry.yarnpkg.com/mime-db/-/mime-db-1.44.0.tgz#fa11c5eb0aca1334b4233cb4d52f10c5a6272f92"
  integrity sha512-/NOTfLrsPBVeH7YtFPgsVWveuL+4SjjYxaQ1xtM1KMFj7HdxlBlxeyNLzhyJVx7r4rZGJAZ/6lkKCitSc/Nmpg==

mime-types@^2.1.12:
  version "2.1.27"
  resolved "https://registry.yarnpkg.com/mime-types/-/mime-types-2.1.27.tgz#47949f98e279ea53119f5722e0f34e529bec009f"
  integrity sha512-JIhqnCasI9yD+SsmkquHBxTSEuZdQX5BuQnS2Vc7puQQQ+8yiP5AY5uWhpdv4YL4VM5c6iliiYWPgJ/nJQLp7w==
  dependencies:
    mime-db "1.44.0"

mime@^2.4.4:
  version "2.4.5"
  resolved "https://registry.yarnpkg.com/mime/-/mime-2.4.5.tgz#d8de2ecb92982dedbb6541c9b6841d7f218ea009"
  integrity sha512-3hQhEUF027BuxZjQA3s7rIv/7VCQPa27hN9u9g87sEkWaKwQPuXOkVKtOeiyUrnWqTDiOs8Ed2rwg733mB0R5w==

mimic-response@^1.0.0:
  version "1.0.1"
  resolved "https://registry.yarnpkg.com/mimic-response/-/mimic-response-1.0.1.tgz#4923538878eef42063cb8a3e3b0798781487ab1b"
  integrity sha512-j5EctnkH7amfV/q5Hgmoal1g2QHFJRraOtmx0JpIqkxhBhI/lJSl1nMpQ45hVarwNETOoWEimndZ4QK0RHxuxQ==

mimic-response@^2.0.0:
  version "2.1.0"
  resolved "https://registry.yarnpkg.com/mimic-response/-/mimic-response-2.1.0.tgz#d13763d35f613d09ec37ebb30bac0469c0ee8f43"
  integrity sha512-wXqjST+SLt7R009ySCglWBCFpjUygmCIfD790/kVbiGmUgfYGuB14PiTd5DwVxSV4NcYHjzMkoj5LjQZwTQLEA==

ms@2.0.0:
  version "2.0.0"
  resolved "https://registry.yarnpkg.com/ms/-/ms-2.0.0.tgz#5608aeadfc00be6c2901df5f9861788de0d597c8"
  integrity sha1-VgiurfwAvmwpAd9fmGF4jeDVl8g=

ms@^2.1.1:
  version "2.1.2"
  resolved "https://registry.yarnpkg.com/ms/-/ms-2.1.2.tgz#d09d1f357b443f493382a8eb3ccd183872ae6009"
  integrity sha512-sGkPx+VjMtmA6MX27oA4FBFELFCZZ4S4XqeGOXCv68tT+jb3vk/RyaKWP0PTKyWtmLSM0b+adUTEvbs1PEaH2w==

nock@12.0.3:
  version "12.0.3"
  resolved "https://registry.yarnpkg.com/nock/-/nock-12.0.3.tgz#83f25076dbc4c9aa82b5cdf54c9604c7a778d1c9"
  integrity sha512-QNb/j8kbFnKCiyqi9C5DD0jH/FubFGj5rt9NQFONXwQm3IPB0CULECg/eS3AU1KgZb/6SwUa4/DTRKhVxkGABw==
  dependencies:
    debug "^4.1.0"
    json-stringify-safe "^5.0.1"
    lodash "^4.17.13"
    propagate "^2.0.0"

node-fetch@2.6.0, node-fetch@^2.3.0, node-fetch@^2.6.0:
  version "2.6.0"
  resolved "https://registry.yarnpkg.com/node-fetch/-/node-fetch-2.6.0.tgz#e633456386d4aa55863f676a7ab0daa8fdecb0fd"
  integrity sha512-8dG4H5ujfvFiqDmVu9fQ5bOHUC15JMjMY/Zumv26oOvvVJjM67KF8koCWIabKQ1GJIa9r2mMZscBq/TbdOcmNA==

normalize-url@^4.1.0:
  version "4.5.0"
  resolved "https://registry.yarnpkg.com/normalize-url/-/normalize-url-4.5.0.tgz#453354087e6ca96957bd8f5baf753f5982142129"
  integrity sha512-2s47yzUxdexf1OhyRi4Em83iQk0aPvwTddtFz4hnSSw9dCEsLEGf6SwIO8ss/19S9iBb5sJaOuTvTGDeZI00BQ==

once@^1.3.1, once@^1.4.0:
  version "1.4.0"
  resolved "https://registry.yarnpkg.com/once/-/once-1.4.0.tgz#583b1aa775961d4b113ac17d9c50baef9dd76bd1"
  integrity sha1-WDsap3WWHUsROsF9nFC6753Xa9E=
  dependencies:
    wrappy "1"

p-cancelable@^2.0.0:
  version "2.0.0"
  resolved "https://registry.yarnpkg.com/p-cancelable/-/p-cancelable-2.0.0.tgz#4a3740f5bdaf5ed5d7c3e34882c6fb5d6b266a6e"
  integrity sha512-wvPXDmbMmu2ksjkB4Z3nZWTSkJEb9lqVdMaCKpZUGJG9TMiNp9XcbG3fn9fPKjem04fJMJnXoyFPk2FmgiaiNg==

phin@3.4.1:
  version "3.4.1"
  resolved "https://registry.yarnpkg.com/phin/-/phin-3.4.1.tgz#b023d14fa86fc6e4b40b6d0dfd5fe478c9c1bbb8"
  integrity sha512-NkBCNRPxeyrgaPlWx4DHTAdca3s2LkvIBiiG6RoSbykcOtW/pA/7rUP/67FPIinvbo7h+HENST/vJ17LdRNUdw==
  dependencies:
    centra "^2.2.1"

platform@^1.3.3:
  version "1.3.5"
  resolved "https://registry.yarnpkg.com/platform/-/platform-1.3.5.tgz#fb6958c696e07e2918d2eeda0f0bc9448d733444"
  integrity sha512-TuvHS8AOIZNAlE77WUDiR4rySV/VMptyMfcfeoMgs4P8apaZM3JrnbzBiixKUv+XR6i+BXrQh8WAnjaSPFO65Q==

propagate@^2.0.0:
  version "2.0.1"
  resolved "https://registry.yarnpkg.com/propagate/-/propagate-2.0.1.tgz#40cdedab18085c792334e64f0ac17256d38f9a45"
  integrity sha512-vGrhOavPSTz4QVNuBNdcNXePNdNMaO1xj9yBeH1ScQPjk/rhg9sSlCXPhMkFuaNNW/syTvYqsnbIJxMBfRbbag==

pump@^3.0.0:
  version "3.0.0"
  resolved "https://registry.yarnpkg.com/pump/-/pump-3.0.0.tgz#b4a2116815bde2f4e1ea602354e8c75565107a64"
  integrity sha512-LwZy+p3SFs1Pytd/jYct4wpv49HiYCqd9Rlc5ZVdk0V+8Yzv6jR5Blk3TRmPL1ft69TxP0IMZGJ+WPFU2BFhww==
  dependencies:
    end-of-stream "^1.1.0"
    once "^1.3.1"

qs@^6.9.1:
  version "6.9.4"
  resolved "https://registry.yarnpkg.com/qs/-/qs-6.9.4.tgz#9090b290d1f91728d3c22e54843ca44aea5ab687"
  integrity sha512-A1kFqHekCTM7cz0udomYUoYNWjBebHm/5wzU/XqrBRBNWectVH0QIiN+NEcZ0Dte5hvzHwbr8+XQmguPhJ6WdQ==

quick-lru@^5.0.0:
  version "5.1.0"
  resolved "https://registry.yarnpkg.com/quick-lru/-/quick-lru-5.1.0.tgz#1602f339bde554c4dace47880227ec9c2869f2e8"
  integrity sha512-WjAKQ9ORzvqjLijJXiXWqc3Gcs1ivoxCj6KJmEjoWBE6OtHwuaDLSAUqGHALUiid7A1KqGqsSHZs8prxF5xxAQ==

readable-stream@^3.4.0:
  version "3.6.0"
  resolved "https://registry.yarnpkg.com/readable-stream/-/readable-stream-3.6.0.tgz#337bbda3adc0706bd3e024426a286d4b4b2c9198"
  integrity sha512-BViHy7LKeTz4oNnkcLJ+lVSL6vpiFeX6/d3oSH8zCW7UxP2onchk+vTGB143xuFjHS3deTgkKoXXymXqymiIdA==
  dependencies:
    inherits "^2.0.3"
    string_decoder "^1.1.1"
    util-deprecate "^1.0.1"

resolve-alpn@^1.0.0:
  version "1.0.0"
  resolved "https://registry.yarnpkg.com/resolve-alpn/-/resolve-alpn-1.0.0.tgz#745ad60b3d6aff4b4a48e01b8c0bdc70959e0e8c"
  integrity sha512-rTuiIEqFmGxne4IovivKSDzld2lWW9QCjqv80SYjPgf+gS35eaCAjaP54CCwGAwBtnCsvNLYtqxe1Nw+i6JEmA==

responselike@^2.0.0:
  version "2.0.0"
  resolved "https://registry.yarnpkg.com/responselike/-/responselike-2.0.0.tgz#26391bcc3174f750f9a79eacc40a12a5c42d7723"
  integrity sha512-xH48u3FTB9VsZw7R+vvgaKeLKzT6jOogbQhEe/jewwnZgzPcnyWui2Av6JpoYZF/91uueC+lqhWqeURw5/qhCw==
  dependencies:
    lowercase-keys "^2.0.0"

safe-buffer@~5.2.0:
  version "5.2.1"
  resolved "https://registry.yarnpkg.com/safe-buffer/-/safe-buffer-5.2.1.tgz#1eaf9fa9bdb1fdd4ec75f58f9cdb4e6b7827eec6"
  integrity sha512-rp3So07KcdmmKbGvgaNxQSJr7bGVSVk5S9Eq1F+ppbRo70+YeaDxkw5Dd8NPN+GD6bjnYm2VuPuCXmpuYvmCXQ==

semver@^6.3.0:
  version "6.3.0"
  resolved "https://registry.yarnpkg.com/semver/-/semver-6.3.0.tgz#ee0a64c8af5e8ceea67687b133761e1becbd1d3d"
  integrity sha512-b39TBaTSfV6yBrapU89p5fKekE2m/NwnDocOVruQFS1/veMgdzuPcnOM34M6CwxW8jH/lxEa5rBoDeUwu5HHTw==

simple-concat@^1.0.0:
  version "1.0.0"
  resolved "https://registry.yarnpkg.com/simple-concat/-/simple-concat-1.0.0.tgz#7344cbb8b6e26fb27d66b2fc86f9f6d5997521c6"
  integrity sha1-c0TLuLbib7J9ZrL8hvn21Zl1IcY=

simple-get@3.1.0:
  version "3.1.0"
  resolved "https://registry.yarnpkg.com/simple-get/-/simple-get-3.1.0.tgz#b45be062435e50d159540b576202ceec40b9c6b3"
  integrity sha512-bCR6cP+aTdScaQCnQKbPKtJOKDp/hj9EDLJo3Nw4y1QksqaovlW/bnptB6/c1e+qmNIDHRK+oXFDdEqBT8WzUA==
  dependencies:
    decompress-response "^4.2.0"
    once "^1.3.1"
    simple-concat "^1.0.0"

string_decoder@^1.1.1:
  version "1.3.0"
  resolved "https://registry.yarnpkg.com/string_decoder/-/string_decoder-1.3.0.tgz#42f114594a46cf1a8e30b0a84f56c78c3edac21e"
  integrity sha512-hkRX8U1WjJFd8LsDJ2yQ/wWWxaopEsABU1XfkM8A+j0+85JAGppt16cr1Whg6KIbb4okU6Mql6BOj+uup/wKeA==
  dependencies:
    safe-buffer "~5.2.0"

superagent@5.2.2:
  version "5.2.2"
  resolved "https://registry.yarnpkg.com/superagent/-/superagent-5.2.2.tgz#6ff726c5642795b2c27009e92687c8e69a6bb07d"
  integrity sha512-pMWBUnIllK4ZTw7p/UaobiQPwAO5w/1NRRTDpV0FTVNmECztsxKspj3ZWEordVEaqpZtmOQJJna4yTLyC/q7PQ==
  dependencies:
    component-emitter "^1.3.0"
    cookiejar "^2.1.2"
    debug "^4.1.1"
    fast-safe-stringify "^2.0.7"
    form-data "^3.0.0"
    formidable "^1.2.1"
    methods "^1.1.2"
    mime "^2.4.4"
    qs "^6.9.1"
    readable-stream "^3.4.0"
    semver "^6.3.0"

util-deprecate@^1.0.1:
  version "1.0.2"
  resolved "https://registry.yarnpkg.com/util-deprecate/-/util-deprecate-1.0.2.tgz#450d4dc9fa70de732762fbd2d4a28981419a0ccf"
  integrity sha1-RQ1Nyfpw3nMnYvvS1KKJgUGaDM8=

wrappy@1:
  version "1.0.2"
  resolved "https://registry.yarnpkg.com/wrappy/-/wrappy-1.0.2.tgz#b5243d8f3ec1aa35f1364605bc0d1036e30ab69f"
  integrity sha1-tSQ9jz7BqjXxNkYFvA0QNuMKtp8=
